
Microsoft Visual Studio Solution File, Format Version 12.00
# Visual Studio Version 17
VisualStudioVersion = 17.7.34302.85
MinimumVisualStudioVersion = 10.0.40219.1
Project("{FAE04EC0-301F-11D3-BF4B-00C04F79EFBC}") = "TodoGrpc", "TodoGrpc\TodoGrpc.csproj", "{95D01BCE-0935-474D-BE83-F35F4BE025E6}"
EndProject
Global
	GlobalSection(SolutionConfigurationPlatforms) = preSolution
		Debug|Any CPU = Debug|Any CPU
		Release|Any CPU = Release|Any CPU
	EndGlobalSection
	GlobalSection(ProjectConfigurationPlatforms) = postSolution
		{95D01BCE-0935-474D-BE83-F35F4BE025E6}.Debug|Any CPU.ActiveCfg = Debug|Any CPU
		{95D01BCE-0935-474D-BE83-F35F4BE025E6}.Debug|Any CPU.Build.0 = Debug|Any CPU
		{95D01BCE-0935-474D-BE83-F35F4BE025E6}.Release|Any CPU.ActiveCfg = Release|Any CPU
		{95D01BCE-0935-474D-BE83-F35F4BE025E6}.Release|Any CPU.Build.0 = Release|Any CPU
	EndGlobalSection
	GlobalSection(SolutionProperties) = preSolution
		HideSolutionNode = FALSE
	EndGlobalSection
	GlobalSection(ExtensibilityGlobals) = postSolution
		SolutionGuid = {16DDDD32-E5C4-4929-BAB4-4F34F67B8E9B}
	EndGlobalSection
EndGlobal
